
Microsoft Visual Studio Solution File, Format Version 12.00
# Visual Studio Version 17
VisualStudioVersion = 17.8.34408.163
MinimumVisualStudioVersion = 10.0.40219.1
Project("{8BC9CEB8-8B4A-11D0-8D11-00A0C91BC942}") = "WarApp", "WarApp.vcxproj", "{227CED7D-5F67-4D4A-8E38-1B6DD2D8A15F}"
EndProject
Global
	GlobalSection(SolutionConfigurationPlatforms) = preSolution
		Debug|x64 = Debug|x64
		Debug|x86 = Debug|x86
		Release|x64 = Release|x64
		Release|x86 = Release|x86
	EndGlobalSection
	GlobalSection(ProjectConfigurationPlatforms) = postSolution
		{227CED7D-5F67-4D4A-8E38-1B6DD2D8A15F}.Debug|x64.ActiveCfg = Debug|x64
		{227CED7D-5F67-4D4A-8E38-1B6DD2D8A15F}.Debug|x64.Build.0 = Debug|x64
		{227CED7D-5F67-4D4A-8E38-1B6DD2D8A15F}.Debug|x86.ActiveCfg = Debug|Win32
		{227CED7D-5F67-4D4A-8E38-1B6DD2D8A15F}.Debug|x86.Build.0 = Debug|Win32
		{227CED7D-5F67-4D4A-8E38-1B6DD2D8A15F}.Release|x64.ActiveCfg = Release|x64
		{227CED7D-5F67-4D4A-8E38-1B6DD2D8A15F}.Release|x64.Build.0 = Release|x64
		{227CED7D-5F67-4D4A-8E38-1B6DD2D8A15F}.Release|x86.ActiveCfg = Release|Win32
		{227CED7D-5F67-4D4A-8E38-1B6DD2D8A15F}.Release|x86.Build.0 = Release|Win32
	EndGlobalSection
	GlobalSection(SolutionProperties) = preSolution
		HideSolutionNode = FALSE
	EndGlobalSection
	GlobalSection(ExtensibilityGlobals) = postSolution
		SolutionGuid = {2B74978C-61AD-4456-A829-F5A7790898F7}
	EndGlobalSection
EndGlobal
